
Microsoft Visual Studio Solution File, Format Version 12.00
# Visual Studio Version 16
VisualStudioVersion = 16.0.30907.101
MinimumVisualStudioVersion = 10.0.40219.1
Project("{9A19103F-16F7-4668-BE54-9A1E7A4F7556}") = "Raccoon.Devkits.DynamicDbAccess", "Raccoon.Devkits.DynamicDbAccess\Raccoon.Devkits.DynamicDbAccess.csproj", "{DFB76119-505A-4BAF-A9D8-BDA9D9EDD915}"
EndProject
Project("{9A19103F-16F7-4668-BE54-9A1E7A4F7556}") = "Raccoon.Devkits.DynamicDbAccess.UnitTest", "Raccoon.Devkits.DynamicDbAccess.UnitTest\Raccoon.Devkits.DynamicDbAccess.UnitTest.csproj", "{5FF3E916-A453-42D7-9E56-036371B2B6B8}"
EndProject
Project("{FAE04EC0-301F-11D3-BF4B-00C04F79EFBC}") = "Raccoon.Devkits.DynamicDbAccess.TestWebAPIServer", "Raccoon.Devkits.DynamicDbAccess.TestWebAPIServer\Raccoon.Devkits.DynamicDbAccess.TestWebAPIServer.csproj", "{128D80D2-A835-40FB-9C50-7757308E8361}"
EndProject
Global
	GlobalSection(SolutionConfigurationPlatforms) = preSolution
		Debug|Any CPU = Debug|Any CPU
		Release|Any CPU = Release|Any CPU
	EndGlobalSection
	GlobalSection(ProjectConfigurationPlatforms) = postSolution
		{DFB76119-505A-4BAF-A9D8-BDA9D9EDD915}.Debug|Any CPU.ActiveCfg = Debug|Any CPU
		{DFB76119-505A-4BAF-A9D8-BDA9D9EDD915}.Debug|Any CPU.Build.0 = Debug|Any CPU
		{DFB76119-505A-4BAF-A9D8-BDA9D9EDD915}.Release|Any CPU.ActiveCfg = Release|Any CPU
		{DFB76119-505A-4BAF-A9D8-BDA9D9EDD915}.Release|Any CPU.Build.0 = Release|Any CPU
		{5FF3E916-A453-42D7-9E56-036371B2B6B8}.Debug|Any CPU.ActiveCfg = Debug|Any CPU
		{5FF3E916-A453-42D7-9E56-036371B2B6B8}.Debug|Any CPU.Build.0 = Debug|Any CPU
		{5FF3E916-A453-42D7-9E56-036371B2B6B8}.Release|Any CPU.ActiveCfg = Release|Any CPU
		{5FF3E916-A453-42D7-9E56-036371B2B6B8}.Release|Any CPU.Build.0 = Release|Any CPU
		{128D80D2-A835-40FB-9C50-7757308E8361}.Debug|Any CPU.ActiveCfg = Debug|Any CPU
		{128D80D2-A835-40FB-9C50-7757308E8361}.Debug|Any CPU.Build.0 = Debug|Any CPU
		{128D80D2-A835-40FB-9C50-7757308E8361}.Release|Any CPU.ActiveCfg = Release|Any CPU
		{128D80D2-A835-40FB-9C50-7757308E8361}.Release|Any CPU.Build.0 = Release|Any CPU
	EndGlobalSection
	GlobalSection(SolutionProperties) = preSolution
		HideSolutionNode = FALSE
	EndGlobalSection
	GlobalSection(ExtensibilityGlobals) = postSolution
		SolutionGuid = {A6884D6D-B75A-452B-86E5-2E956DCA7D2C}
	EndGlobalSection
EndGlobal
